
Microsoft Visual Studio Solution File, Format Version 12.00
# Visual Studio Version 17
VisualStudioVersion = 17.1.31911.260
MinimumVisualStudioVersion = 10.0.40219.1
Project("{9A19103F-16F7-4668-BE54-9A1E7A4F7556}") = "ApiServer", "Burger Backend\ApiServer.csproj", "{AA666CCC-E392-47EB-A4D5-1134C1B64932}"
EndProject
Project("{2150E333-8FDC-42A3-9474-1A3956D46DE8}") = "Api", "Api", "{D69BAE2E-FDC6-46B7-B94B-08F7725A020E}"
EndProject
Project("{2150E333-8FDC-42A3-9474-1A3956D46DE8}") = "Application", "Application", "{5C7540F3-97A3-42AF-A5A8-7818CB79B033}"
EndProject
Project("{2150E333-8FDC-42A3-9474-1A3956D46DE8}") = "Domain", "Domain", "{DD5BB7A7-95E4-4B3C-B07C-377E536C8AE2}"
EndProject
Project("{2150E333-8FDC-42A3-9474-1A3956D46DE8}") = "Persistence", "Persistence", "{2AD3EE9A-9303-4B44-A59B-B18D555C61C2}"
EndProject
Project("{2150E333-8FDC-42A3-9474-1A3956D46DE8}") = "MapperProfile", "MapperProfile", "{95A2915C-2706-47C1-9F46-4964953FC7CD}"
EndProject
Project("{2150E333-8FDC-42A3-9474-1A3956D46DE8}") = "Restaurant", "Restaurant", "{3D04C5CA-C561-4170-AE66-AE59ED639B8B}"
EndProject
Project("{9A19103F-16F7-4668-BE54-9A1E7A4F7556}") = "Restaurant.Domain", "BurgerRestaurant.Domain.Implementation\Restaurant.Domain.csproj", "{6C57CB01-4262-43AC-B46F-A5991A85B2F4}"
EndProject
Project("{9A19103F-16F7-4668-BE54-9A1E7A4F7556}") = "Restaurant.Domain.Test", "BurgerRestaurant.Domain.Test\Restaurant.Domain.Test.csproj", "{71F2082C-5749-4C24-8D9E-B3948A4A19D9}"
EndProject
Project("{9A19103F-16F7-4668-BE54-9A1E7A4F7556}") = "MapperProfile", "MapperProfile\MapperProfile.csproj", "{29B16F76-0CCE-437D-AAC1-27DF50D89872}"
EndProject
Project("{9A19103F-16F7-4668-BE54-9A1E7A4F7556}") = "MapperProfile.Test", "MapperProfile.Test\MapperProfile.Test.csproj", "{8895E1E3-A182-42D2-80F8-AD88E8387341}"
EndProject
Project("{9A19103F-16F7-4668-BE54-9A1E7A4F7556}") = "Application", "Application.Implementation\Application.csproj", "{08AAAC3E-C5D0-4E4E-8397-E990C1DE2CD9}"
EndProject
Project("{9A19103F-16F7-4668-BE54-9A1E7A4F7556}") = "Application.Test", "Application.Test\Application.Test.csproj", "{19E9318B-101E-4DDE-A0F9-A5B4093CE1FC}"
EndProject
Project("{9A19103F-16F7-4668-BE54-9A1E7A4F7556}") = "Persistence", "Persistence\Persistence.csproj", "{F74E2C5A-4FE3-4940-856F-9E91F9090AAF}"
EndProject
Project("{FAE04EC0-301F-11D3-BF4B-00C04F79EFBC}") = "User.Domain", "User.Domain\User.Domain.csproj", "{C0F5C1E5-4FD2-41F7-B215-364A0C000764}"
EndProject
Project("{2150E333-8FDC-42A3-9474-1A3956D46DE8}") = "User", "User", "{1C8D47B2-1A73-4C73-8E67-E8F082DA69CA}"
EndProject
Global
	GlobalSection(SolutionConfigurationPlatforms) = preSolution
		Debug|Any CPU = Debug|Any CPU
		Release|Any CPU = Release|Any CPU
	EndGlobalSection
	GlobalSection(ProjectConfigurationPlatforms) = postSolution
		{AA666CCC-E392-47EB-A4D5-1134C1B64932}.Debug|Any CPU.ActiveCfg = Debug|Any CPU
		{AA666CCC-E392-47EB-A4D5-1134C1B64932}.Debug|Any CPU.Build.0 = Debug|Any CPU
		{AA666CCC-E392-47EB-A4D5-1134C1B64932}.Release|Any CPU.ActiveCfg = Release|Any CPU
		{AA666CCC-E392-47EB-A4D5-1134C1B64932}.Release|Any CPU.Build.0 = Release|Any CPU
		{6C57CB01-4262-43AC-B46F-A5991A85B2F4}.Debug|Any CPU.ActiveCfg = Debug|Any CPU
		{6C57CB01-4262-43AC-B46F-A5991A85B2F4}.Debug|Any CPU.Build.0 = Debug|Any CPU
		{6C57CB01-4262-43AC-B46F-A5991A85B2F4}.Release|Any CPU.ActiveCfg = Release|Any CPU
		{6C57CB01-4262-43AC-B46F-A5991A85B2F4}.Release|Any CPU.Build.0 = Release|Any CPU
		{71F2082C-5749-4C24-8D9E-B3948A4A19D9}.Debug|Any CPU.ActiveCfg = Debug|Any CPU
		{71F2082C-5749-4C24-8D9E-B3948A4A19D9}.Debug|Any CPU.Build.0 = Debug|Any CPU
		{71F2082C-5749-4C24-8D9E-B3948A4A19D9}.Release|Any CPU.ActiveCfg = Release|Any CPU
		{71F2082C-5749-4C24-8D9E-B3948A4A19D9}.Release|Any CPU.Build.0 = Release|Any CPU
		{29B16F76-0CCE-437D-AAC1-27DF50D89872}.Debug|Any CPU.ActiveCfg = Debug|Any CPU
		{29B16F76-0CCE-437D-AAC1-27DF50D89872}.Debug|Any CPU.Build.0 = Debug|Any CPU
		{29B16F76-0CCE-437D-AAC1-27DF50D89872}.Release|Any CPU.ActiveCfg = Release|Any CPU
		{29B16F76-0CCE-437D-AAC1-27DF50D89872}.Release|Any CPU.Build.0 = Release|Any CPU
		{8895E1E3-A182-42D2-80F8-AD88E8387341}.Debug|Any CPU.ActiveCfg = Debug|Any CPU
		{8895E1E3-A182-42D2-80F8-AD88E8387341}.Debug|Any CPU.Build.0 = Debug|Any CPU
		{8895E1E3-A182-42D2-80F8-AD88E8387341}.Release|Any CPU.ActiveCfg = Release|Any CPU
		{8895E1E3-A182-42D2-80F8-AD88E8387341}.Release|Any CPU.Build.0 = Release|Any CPU
		{08AAAC3E-C5D0-4E4E-8397-E990C1DE2CD9}.Debug|Any CPU.ActiveCfg = Debug|Any CPU
		{08AAAC3E-C5D0-4E4E-8397-E990C1DE2CD9}.Debug|Any CPU.Build.0 = Debug|Any CPU
		{08AAAC3E-C5D0-4E4E-8397-E990C1DE2CD9}.Release|Any CPU.ActiveCfg = Release|Any CPU
		{08AAAC3E-C5D0-4E4E-8397-E990C1DE2CD9}.Release|Any CPU.Build.0 = Release|Any CPU
		{19E9318B-101E-4DDE-A0F9-A5B4093CE1FC}.Debug|Any CPU.ActiveCfg = Debug|Any CPU
		{19E9318B-101E-4DDE-A0F9-A5B4093CE1FC}.Debug|Any CPU.Build.0 = Debug|Any CPU
		{19E9318B-101E-4DDE-A0F9-A5B4093CE1FC}.Release|Any CPU.ActiveCfg = Release|Any CPU
		{19E9318B-101E-4DDE-A0F9-A5B4093CE1FC}.Release|Any CPU.Build.0 = Release|Any CPU
		{F74E2C5A-4FE3-4940-856F-9E91F9090AAF}.Debug|Any CPU.ActiveCfg = Debug|Any CPU
		{F74E2C5A-4FE3-4940-856F-9E91F9090AAF}.Debug|Any CPU.Build.0 = Debug|Any CPU
		{F74E2C5A-4FE3-4940-856F-9E91F9090AAF}.Release|Any CPU.ActiveCfg = Release|Any CPU
		{F74E2C5A-4FE3-4940-856F-9E91F9090AAF}.Release|Any CPU.Build.0 = Release|Any CPU
		{C0F5C1E5-4FD2-41F7-B215-364A0C000764}.Debug|Any CPU.ActiveCfg = Debug|Any CPU
		{C0F5C1E5-4FD2-41F7-B215-364A0C000764}.Debug|Any CPU.Build.0 = Debug|Any CPU
		{C0F5C1E5-4FD2-41F7-B215-364A0C000764}.Release|Any CPU.ActiveCfg = Release|Any CPU
		{C0F5C1E5-4FD2-41F7-B215-364A0C000764}.Release|Any CPU.Build.0 = Release|Any CPU
	EndGlobalSection
	GlobalSection(SolutionProperties) = preSolution
		HideSolutionNode = FALSE
	EndGlobalSection
	GlobalSection(NestedProjects) = preSolution
		{AA666CCC-E392-47EB-A4D5-1134C1B64932} = {D69BAE2E-FDC6-46B7-B94B-08F7725A020E}
		{3D04C5CA-C561-4170-AE66-AE59ED639B8B} = {DD5BB7A7-95E4-4B3C-B07C-377E536C8AE2}
		{6C57CB01-4262-43AC-B46F-A5991A85B2F4} = {3D04C5CA-C561-4170-AE66-AE59ED639B8B}
		{71F2082C-5749-4C24-8D9E-B3948A4A19D9} = {3D04C5CA-C561-4170-AE66-AE59ED639B8B}
		{29B16F76-0CCE-437D-AAC1-27DF50D89872} = {95A2915C-2706-47C1-9F46-4964953FC7CD}
		{8895E1E3-A182-42D2-80F8-AD88E8387341} = {95A2915C-2706-47C1-9F46-4964953FC7CD}
		{08AAAC3E-C5D0-4E4E-8397-E990C1DE2CD9} = {5C7540F3-97A3-42AF-A5A8-7818CB79B033}
		{19E9318B-101E-4DDE-A0F9-A5B4093CE1FC} = {5C7540F3-97A3-42AF-A5A8-7818CB79B033}
		{F74E2C5A-4FE3-4940-856F-9E91F9090AAF} = {2AD3EE9A-9303-4B44-A59B-B18D555C61C2}
		{C0F5C1E5-4FD2-41F7-B215-364A0C000764} = {1C8D47B2-1A73-4C73-8E67-E8F082DA69CA}
		{1C8D47B2-1A73-4C73-8E67-E8F082DA69CA} = {DD5BB7A7-95E4-4B3C-B07C-377E536C8AE2}
	EndGlobalSection
	GlobalSection(ExtensibilityGlobals) = postSolution
		SolutionGuid = {E73151AE-5773-41D0-B87D-F4BE392FFC1D}
	EndGlobalSection
EndGlobal
