
Microsoft Visual Studio Solution File, Format Version 12.00
# Visual Studio Version 17
VisualStudioVersion = 17.1.31911.260
MinimumVisualStudioVersion = 10.0.40219.1
Project("{2150E333-8FDC-42A3-9474-1A3956D46DE8}") = "Api", "Api", "{D69BAE2E-FDC6-46B7-B94B-08F7725A020E}"
EndProject
Project("{2150E333-8FDC-42A3-9474-1A3956D46DE8}") = "Application", "Application", "{5C7540F3-97A3-42AF-A5A8-7818CB79B033}"
EndProject
Project("{2150E333-8FDC-42A3-9474-1A3956D46DE8}") = "Domain", "Domain", "{DD5BB7A7-95E4-4B3C-B07C-377E536C8AE2}"
EndProject
Project("{2150E333-8FDC-42A3-9474-1A3956D46DE8}") = "Persistence", "Persistence", "{2AD3EE9A-9303-4B44-A59B-B18D555C61C2}"
EndProject
Project("{2150E333-8FDC-42A3-9474-1A3956D46DE8}") = "MapperProfile", "MapperProfile", "{95A2915C-2706-47C1-9F46-4964953FC7CD}"
EndProject
Project("{9A19103F-16F7-4668-BE54-9A1E7A4F7556}") = "ApiServer", "Api\ApiServer.csproj", "{FFB6781E-E509-47E0-A28D-521BE5FC77DA}"
EndProject
Project("{9A19103F-16F7-4668-BE54-9A1E7A4F7556}") = "Persistence", "Persistence\Persistence\Persistence.csproj", "{3D906E40-0BFC-4CE6-92FC-FF0F2A18BCC1}"
EndProject
Project("{9A19103F-16F7-4668-BE54-9A1E7A4F7556}") = "MapperProfile", "MapperProfile\MapperProfile\MapperProfile.csproj", "{9E6D0938-917B-436D-86A6-568554BD9B9D}"
EndProject
Project("{9A19103F-16F7-4668-BE54-9A1E7A4F7556}") = "MapperProfile.Test", "MapperProfile\MapperProfile.Test\MapperProfile.Test.csproj", "{F8186EED-6F24-49F7-B9EE-1AEEBB509658}"
EndProject
Project("{2150E333-8FDC-42A3-9474-1A3956D46DE8}") = "User", "User", "{DFE4EBAC-1AE1-4CE6-8373-A760D467F956}"
EndProject
Project("{9A19103F-16F7-4668-BE54-9A1E7A4F7556}") = "User.Domain.Implementation", "Domain\User.Domain.Implementation\User.Domain.Implementation.csproj", "{A9E68E70-14A7-44D4-80C0-40F585E46DFF}"
EndProject
Project("{9A19103F-16F7-4668-BE54-9A1E7A4F7556}") = "User.Domain.Interface", "Domain\User.Domain.Interface\User.Domain.Interface.csproj", "{2E2F65FF-EDF7-4DC1-9156-19C67AB18366}"
EndProject
Project("{9A19103F-16F7-4668-BE54-9A1E7A4F7556}") = "User.Domain.Test", "Domain\User.Domain.Test\User.Domain.Test.csproj", "{35AA663D-24B9-416A-B858-F28A75D7EFE0}"
EndProject
Project("{9A19103F-16F7-4668-BE54-9A1E7A4F7556}") = "Application.Implementation", "Application\Application.Implementation\Application.Implementation.csproj", "{E110A6EC-D717-48A6-A372-4419E33FB04F}"
EndProject
Project("{9A19103F-16F7-4668-BE54-9A1E7A4F7556}") = "Application.Interface", "Application\Application.Interface\Application.Interface.csproj", "{3A959D27-F16E-4F6B-B8D1-171A5A2598A0}"
EndProject
Project("{9A19103F-16F7-4668-BE54-9A1E7A4F7556}") = "Application.Test", "Application\Application.Test\Application.Test.csproj", "{3B5CE274-48EF-4D14-892E-5BFAE279A25B}"
EndProject
Global
	GlobalSection(SolutionConfigurationPlatforms) = preSolution
		Debug|Any CPU = Debug|Any CPU
		Release|Any CPU = Release|Any CPU
	EndGlobalSection
	GlobalSection(ProjectConfigurationPlatforms) = postSolution
		{FFB6781E-E509-47E0-A28D-521BE5FC77DA}.Debug|Any CPU.ActiveCfg = Debug|Any CPU
		{FFB6781E-E509-47E0-A28D-521BE5FC77DA}.Debug|Any CPU.Build.0 = Debug|Any CPU
		{FFB6781E-E509-47E0-A28D-521BE5FC77DA}.Release|Any CPU.ActiveCfg = Release|Any CPU
		{FFB6781E-E509-47E0-A28D-521BE5FC77DA}.Release|Any CPU.Build.0 = Release|Any CPU
		{3D906E40-0BFC-4CE6-92FC-FF0F2A18BCC1}.Debug|Any CPU.ActiveCfg = Debug|Any CPU
		{3D906E40-0BFC-4CE6-92FC-FF0F2A18BCC1}.Debug|Any CPU.Build.0 = Debug|Any CPU
		{3D906E40-0BFC-4CE6-92FC-FF0F2A18BCC1}.Release|Any CPU.ActiveCfg = Release|Any CPU
		{3D906E40-0BFC-4CE6-92FC-FF0F2A18BCC1}.Release|Any CPU.Build.0 = Release|Any CPU
		{9E6D0938-917B-436D-86A6-568554BD9B9D}.Debug|Any CPU.ActiveCfg = Debug|Any CPU
		{9E6D0938-917B-436D-86A6-568554BD9B9D}.Debug|Any CPU.Build.0 = Debug|Any CPU
		{9E6D0938-917B-436D-86A6-568554BD9B9D}.Release|Any CPU.ActiveCfg = Release|Any CPU
		{9E6D0938-917B-436D-86A6-568554BD9B9D}.Release|Any CPU.Build.0 = Release|Any CPU
		{F8186EED-6F24-49F7-B9EE-1AEEBB509658}.Debug|Any CPU.ActiveCfg = Debug|Any CPU
		{F8186EED-6F24-49F7-B9EE-1AEEBB509658}.Debug|Any CPU.Build.0 = Debug|Any CPU
		{F8186EED-6F24-49F7-B9EE-1AEEBB509658}.Release|Any CPU.ActiveCfg = Release|Any CPU
		{F8186EED-6F24-49F7-B9EE-1AEEBB509658}.Release|Any CPU.Build.0 = Release|Any CPU
		{A9E68E70-14A7-44D4-80C0-40F585E46DFF}.Debug|Any CPU.ActiveCfg = Debug|Any CPU
		{A9E68E70-14A7-44D4-80C0-40F585E46DFF}.Debug|Any CPU.Build.0 = Debug|Any CPU
		{A9E68E70-14A7-44D4-80C0-40F585E46DFF}.Release|Any CPU.ActiveCfg = Release|Any CPU
		{A9E68E70-14A7-44D4-80C0-40F585E46DFF}.Release|Any CPU.Build.0 = Release|Any CPU
		{2E2F65FF-EDF7-4DC1-9156-19C67AB18366}.Debug|Any CPU.ActiveCfg = Debug|Any CPU
		{2E2F65FF-EDF7-4DC1-9156-19C67AB18366}.Debug|Any CPU.Build.0 = Debug|Any CPU
		{2E2F65FF-EDF7-4DC1-9156-19C67AB18366}.Release|Any CPU.ActiveCfg = Release|Any CPU
		{2E2F65FF-EDF7-4DC1-9156-19C67AB18366}.Release|Any CPU.Build.0 = Release|Any CPU
		{35AA663D-24B9-416A-B858-F28A75D7EFE0}.Debug|Any CPU.ActiveCfg = Debug|Any CPU
		{35AA663D-24B9-416A-B858-F28A75D7EFE0}.Debug|Any CPU.Build.0 = Debug|Any CPU
		{35AA663D-24B9-416A-B858-F28A75D7EFE0}.Release|Any CPU.ActiveCfg = Release|Any CPU
		{35AA663D-24B9-416A-B858-F28A75D7EFE0}.Release|Any CPU.Build.0 = Release|Any CPU
		{E110A6EC-D717-48A6-A372-4419E33FB04F}.Debug|Any CPU.ActiveCfg = Debug|Any CPU
		{E110A6EC-D717-48A6-A372-4419E33FB04F}.Debug|Any CPU.Build.0 = Debug|Any CPU
		{E110A6EC-D717-48A6-A372-4419E33FB04F}.Release|Any CPU.ActiveCfg = Release|Any CPU
		{E110A6EC-D717-48A6-A372-4419E33FB04F}.Release|Any CPU.Build.0 = Release|Any CPU
		{3A959D27-F16E-4F6B-B8D1-171A5A2598A0}.Debug|Any CPU.ActiveCfg = Debug|Any CPU
		{3A959D27-F16E-4F6B-B8D1-171A5A2598A0}.Debug|Any CPU.Build.0 = Debug|Any CPU
		{3A959D27-F16E-4F6B-B8D1-171A5A2598A0}.Release|Any CPU.ActiveCfg = Release|Any CPU
		{3A959D27-F16E-4F6B-B8D1-171A5A2598A0}.Release|Any CPU.Build.0 = Release|Any CPU
		{3B5CE274-48EF-4D14-892E-5BFAE279A25B}.Debug|Any CPU.ActiveCfg = Debug|Any CPU
		{3B5CE274-48EF-4D14-892E-5BFAE279A25B}.Debug|Any CPU.Build.0 = Debug|Any CPU
		{3B5CE274-48EF-4D14-892E-5BFAE279A25B}.Release|Any CPU.ActiveCfg = Release|Any CPU
		{3B5CE274-48EF-4D14-892E-5BFAE279A25B}.Release|Any CPU.Build.0 = Release|Any CPU
	EndGlobalSection
	GlobalSection(SolutionProperties) = preSolution
		HideSolutionNode = FALSE
	EndGlobalSection
	GlobalSection(NestedProjects) = preSolution
		{FFB6781E-E509-47E0-A28D-521BE5FC77DA} = {D69BAE2E-FDC6-46B7-B94B-08F7725A020E}
		{3D906E40-0BFC-4CE6-92FC-FF0F2A18BCC1} = {2AD3EE9A-9303-4B44-A59B-B18D555C61C2}
		{9E6D0938-917B-436D-86A6-568554BD9B9D} = {95A2915C-2706-47C1-9F46-4964953FC7CD}
		{F8186EED-6F24-49F7-B9EE-1AEEBB509658} = {95A2915C-2706-47C1-9F46-4964953FC7CD}
		{DFE4EBAC-1AE1-4CE6-8373-A760D467F956} = {DD5BB7A7-95E4-4B3C-B07C-377E536C8AE2}
		{A9E68E70-14A7-44D4-80C0-40F585E46DFF} = {DFE4EBAC-1AE1-4CE6-8373-A760D467F956}
		{2E2F65FF-EDF7-4DC1-9156-19C67AB18366} = {DFE4EBAC-1AE1-4CE6-8373-A760D467F956}
		{35AA663D-24B9-416A-B858-F28A75D7EFE0} = {DFE4EBAC-1AE1-4CE6-8373-A760D467F956}
		{E110A6EC-D717-48A6-A372-4419E33FB04F} = {5C7540F3-97A3-42AF-A5A8-7818CB79B033}
		{3A959D27-F16E-4F6B-B8D1-171A5A2598A0} = {5C7540F3-97A3-42AF-A5A8-7818CB79B033}
		{3B5CE274-48EF-4D14-892E-5BFAE279A25B} = {5C7540F3-97A3-42AF-A5A8-7818CB79B033}
	EndGlobalSection
	GlobalSection(ExtensibilityGlobals) = postSolution
		SolutionGuid = {E73151AE-5773-41D0-B87D-F4BE392FFC1D}
	EndGlobalSection
EndGlobal
