
Microsoft Visual Studio Solution File, Format Version 12.00
# Visual Studio Version 17
VisualStudioVersion = 17.1.31911.260
MinimumVisualStudioVersion = 10.0.40219.1
Project("{2150E333-8FDC-42A3-9474-1A3956D46DE8}") = "Api", "Api", "{D69BAE2E-FDC6-46B7-B94B-08F7725A020E}"
EndProject
Project("{2150E333-8FDC-42A3-9474-1A3956D46DE8}") = "Application", "Application", "{5C7540F3-97A3-42AF-A5A8-7818CB79B033}"
EndProject
Project("{2150E333-8FDC-42A3-9474-1A3956D46DE8}") = "Domain", "Domain", "{DD5BB7A7-95E4-4B3C-B07C-377E536C8AE2}"
EndProject
Project("{2150E333-8FDC-42A3-9474-1A3956D46DE8}") = "Persistence", "Persistence", "{2AD3EE9A-9303-4B44-A59B-B18D555C61C2}"
EndProject
Project("{9A19103F-16F7-4668-BE54-9A1E7A4F7556}") = "ApiServer", "Api\ApiServer.csproj", "{FFB6781E-E509-47E0-A28D-521BE5FC77DA}"
EndProject
Project("{9A19103F-16F7-4668-BE54-9A1E7A4F7556}") = "Persistence", "Persistence\Persistence\Persistence.csproj", "{3D906E40-0BFC-4CE6-92FC-FF0F2A18BCC1}"
EndProject
Project("{2150E333-8FDC-42A3-9474-1A3956D46DE8}") = "User", "User", "{DFE4EBAC-1AE1-4CE6-8373-A760D467F956}"
EndProject
Project("{9A19103F-16F7-4668-BE54-9A1E7A4F7556}") = "User.Domain.Implementation", "Domain\User.Domain.Implementation\User.Domain.Implementation.csproj", "{A9E68E70-14A7-44D4-80C0-40F585E46DFF}"
EndProject
Project("{9A19103F-16F7-4668-BE54-9A1E7A4F7556}") = "User.Domain.Interface", "Domain\User.Domain.Interface\User.Domain.Interface.csproj", "{2E2F65FF-EDF7-4DC1-9156-19C67AB18366}"
EndProject
Project("{9A19103F-16F7-4668-BE54-9A1E7A4F7556}") = "User.Domain.Test", "Domain\User.Domain.Test\User.Domain.Test.csproj", "{35AA663D-24B9-416A-B858-F28A75D7EFE0}"
EndProject
Project("{9A19103F-16F7-4668-BE54-9A1E7A4F7556}") = "Application.Implementation", "Application\Application.Implementation\Application.Implementation.csproj", "{E110A6EC-D717-48A6-A372-4419E33FB04F}"
EndProject
Project("{9A19103F-16F7-4668-BE54-9A1E7A4F7556}") = "Application.Interface", "Application\Application.Interface\Application.Interface.csproj", "{3A959D27-F16E-4F6B-B8D1-171A5A2598A0}"
EndProject
Project("{9A19103F-16F7-4668-BE54-9A1E7A4F7556}") = "Application.Test", "Application\Application.Test\Application.Test.csproj", "{3B5CE274-48EF-4D14-892E-5BFAE279A25B}"
EndProject
Project("{2150E333-8FDC-42A3-9474-1A3956D46DE8}") = "Crosscutting", "Crosscutting", "{8A41CBB3-642D-404A-86A5-498267A42FF1}"
EndProject
Project("{9A19103F-16F7-4668-BE54-9A1E7A4F7556}") = "Persistence.Test", "Persistence\Persistence.Test\Persistence.Test.csproj", "{E035D806-B28F-40F2-B7EC-57CC6B3DE125}"
EndProject
Project("{2150E333-8FDC-42A3-9474-1A3956D46DE8}") = "MapperProfile", "MapperProfile", "{8D52DDF4-DAFC-437A-B979-7ED8EDAD0768}"
EndProject
Project("{9A19103F-16F7-4668-BE54-9A1E7A4F7556}") = "MapperProfile", "MapperProfile\MapperProfile\MapperProfile.csproj", "{E1E4CAB2-328D-45BE-9080-34C2EE3FE00A}"
EndProject
Project("{2150E333-8FDC-42A3-9474-1A3956D46DE8}") = "Solution Items", "Solution Items", "{E21DDE5E-D4E9-49B4-947B-C085B14DFB00}"
	ProjectSection(SolutionItems) = preProject
		.editorconfig = .editorconfig
	EndProjectSection
EndProject
Project("{9A19103F-16F7-4668-BE54-9A1E7A4F7556}") = "MapperProfile.Test", "MapperProfile\MapperProfile.Test\MapperProfile.Test.csproj", "{42FE8EBE-BA53-497A-A763-AEB0AB5BBEC7}"
EndProject
Project("{2150E333-8FDC-42A3-9474-1A3956D46DE8}") = "Review", "Review", "{25C8CF17-3C0E-46D0-85D3-A4D9AEE921B6}"
EndProject
Project("{9A19103F-16F7-4668-BE54-9A1E7A4F7556}") = "Review.Domain.Implementation", "Domain\Review.Domain.Implementation\Review.Domain.Implementation.csproj", "{03E3934D-73E4-41EE-A498-76BA9A2BD412}"
EndProject
Project("{9A19103F-16F7-4668-BE54-9A1E7A4F7556}") = "Review.Domain.Interface", "Domain\Review.Domain.Interface\Review.Domain.Interface.csproj", "{62060140-C08D-4570-A9AF-95F42FF395E4}"
EndProject
Project("{9A19103F-16F7-4668-BE54-9A1E7A4F7556}") = "Crosscutting", "Crosscutting\Crosscutting.csproj", "{751C44CE-E399-405A-A776-C72C022A8E10}"
EndProject
Global
	GlobalSection(SolutionConfigurationPlatforms) = preSolution
		Debug|Any CPU = Debug|Any CPU
		Release|Any CPU = Release|Any CPU
	EndGlobalSection
	GlobalSection(ProjectConfigurationPlatforms) = postSolution
		{FFB6781E-E509-47E0-A28D-521BE5FC77DA}.Debug|Any CPU.ActiveCfg = Debug|Any CPU
		{FFB6781E-E509-47E0-A28D-521BE5FC77DA}.Debug|Any CPU.Build.0 = Debug|Any CPU
		{FFB6781E-E509-47E0-A28D-521BE5FC77DA}.Release|Any CPU.ActiveCfg = Release|Any CPU
		{FFB6781E-E509-47E0-A28D-521BE5FC77DA}.Release|Any CPU.Build.0 = Release|Any CPU
		{3D906E40-0BFC-4CE6-92FC-FF0F2A18BCC1}.Debug|Any CPU.ActiveCfg = Debug|Any CPU
		{3D906E40-0BFC-4CE6-92FC-FF0F2A18BCC1}.Debug|Any CPU.Build.0 = Debug|Any CPU
		{3D906E40-0BFC-4CE6-92FC-FF0F2A18BCC1}.Release|Any CPU.ActiveCfg = Release|Any CPU
		{3D906E40-0BFC-4CE6-92FC-FF0F2A18BCC1}.Release|Any CPU.Build.0 = Release|Any CPU
		{A9E68E70-14A7-44D4-80C0-40F585E46DFF}.Debug|Any CPU.ActiveCfg = Debug|Any CPU
		{A9E68E70-14A7-44D4-80C0-40F585E46DFF}.Debug|Any CPU.Build.0 = Debug|Any CPU
		{A9E68E70-14A7-44D4-80C0-40F585E46DFF}.Release|Any CPU.ActiveCfg = Release|Any CPU
		{A9E68E70-14A7-44D4-80C0-40F585E46DFF}.Release|Any CPU.Build.0 = Release|Any CPU
		{2E2F65FF-EDF7-4DC1-9156-19C67AB18366}.Debug|Any CPU.ActiveCfg = Debug|Any CPU
		{2E2F65FF-EDF7-4DC1-9156-19C67AB18366}.Debug|Any CPU.Build.0 = Debug|Any CPU
		{2E2F65FF-EDF7-4DC1-9156-19C67AB18366}.Release|Any CPU.ActiveCfg = Release|Any CPU
		{2E2F65FF-EDF7-4DC1-9156-19C67AB18366}.Release|Any CPU.Build.0 = Release|Any CPU
		{35AA663D-24B9-416A-B858-F28A75D7EFE0}.Debug|Any CPU.ActiveCfg = Debug|Any CPU
		{35AA663D-24B9-416A-B858-F28A75D7EFE0}.Debug|Any CPU.Build.0 = Debug|Any CPU
		{35AA663D-24B9-416A-B858-F28A75D7EFE0}.Release|Any CPU.ActiveCfg = Release|Any CPU
		{35AA663D-24B9-416A-B858-F28A75D7EFE0}.Release|Any CPU.Build.0 = Release|Any CPU
		{E110A6EC-D717-48A6-A372-4419E33FB04F}.Debug|Any CPU.ActiveCfg = Debug|Any CPU
		{E110A6EC-D717-48A6-A372-4419E33FB04F}.Debug|Any CPU.Build.0 = Debug|Any CPU
		{E110A6EC-D717-48A6-A372-4419E33FB04F}.Release|Any CPU.ActiveCfg = Release|Any CPU
		{E110A6EC-D717-48A6-A372-4419E33FB04F}.Release|Any CPU.Build.0 = Release|Any CPU
		{3A959D27-F16E-4F6B-B8D1-171A5A2598A0}.Debug|Any CPU.ActiveCfg = Debug|Any CPU
		{3A959D27-F16E-4F6B-B8D1-171A5A2598A0}.Debug|Any CPU.Build.0 = Debug|Any CPU
		{3A959D27-F16E-4F6B-B8D1-171A5A2598A0}.Release|Any CPU.ActiveCfg = Release|Any CPU
		{3A959D27-F16E-4F6B-B8D1-171A5A2598A0}.Release|Any CPU.Build.0 = Release|Any CPU
		{3B5CE274-48EF-4D14-892E-5BFAE279A25B}.Debug|Any CPU.ActiveCfg = Debug|Any CPU
		{3B5CE274-48EF-4D14-892E-5BFAE279A25B}.Debug|Any CPU.Build.0 = Debug|Any CPU
		{3B5CE274-48EF-4D14-892E-5BFAE279A25B}.Release|Any CPU.ActiveCfg = Release|Any CPU
		{3B5CE274-48EF-4D14-892E-5BFAE279A25B}.Release|Any CPU.Build.0 = Release|Any CPU
		{E035D806-B28F-40F2-B7EC-57CC6B3DE125}.Debug|Any CPU.ActiveCfg = Debug|Any CPU
		{E035D806-B28F-40F2-B7EC-57CC6B3DE125}.Debug|Any CPU.Build.0 = Debug|Any CPU
		{E035D806-B28F-40F2-B7EC-57CC6B3DE125}.Release|Any CPU.ActiveCfg = Release|Any CPU
		{E035D806-B28F-40F2-B7EC-57CC6B3DE125}.Release|Any CPU.Build.0 = Release|Any CPU
		{E1E4CAB2-328D-45BE-9080-34C2EE3FE00A}.Debug|Any CPU.ActiveCfg = Debug|Any CPU
		{E1E4CAB2-328D-45BE-9080-34C2EE3FE00A}.Debug|Any CPU.Build.0 = Debug|Any CPU
		{E1E4CAB2-328D-45BE-9080-34C2EE3FE00A}.Release|Any CPU.ActiveCfg = Release|Any CPU
		{E1E4CAB2-328D-45BE-9080-34C2EE3FE00A}.Release|Any CPU.Build.0 = Release|Any CPU
		{42FE8EBE-BA53-497A-A763-AEB0AB5BBEC7}.Debug|Any CPU.ActiveCfg = Debug|Any CPU
		{42FE8EBE-BA53-497A-A763-AEB0AB5BBEC7}.Debug|Any CPU.Build.0 = Debug|Any CPU
		{42FE8EBE-BA53-497A-A763-AEB0AB5BBEC7}.Release|Any CPU.ActiveCfg = Release|Any CPU
		{42FE8EBE-BA53-497A-A763-AEB0AB5BBEC7}.Release|Any CPU.Build.0 = Release|Any CPU
		{03E3934D-73E4-41EE-A498-76BA9A2BD412}.Debug|Any CPU.ActiveCfg = Debug|Any CPU
		{03E3934D-73E4-41EE-A498-76BA9A2BD412}.Debug|Any CPU.Build.0 = Debug|Any CPU
		{03E3934D-73E4-41EE-A498-76BA9A2BD412}.Release|Any CPU.ActiveCfg = Release|Any CPU
		{03E3934D-73E4-41EE-A498-76BA9A2BD412}.Release|Any CPU.Build.0 = Release|Any CPU
		{62060140-C08D-4570-A9AF-95F42FF395E4}.Debug|Any CPU.ActiveCfg = Debug|Any CPU
		{62060140-C08D-4570-A9AF-95F42FF395E4}.Debug|Any CPU.Build.0 = Debug|Any CPU
		{62060140-C08D-4570-A9AF-95F42FF395E4}.Release|Any CPU.ActiveCfg = Release|Any CPU
		{62060140-C08D-4570-A9AF-95F42FF395E4}.Release|Any CPU.Build.0 = Release|Any CPU
		{751C44CE-E399-405A-A776-C72C022A8E10}.Debug|Any CPU.ActiveCfg = Debug|Any CPU
		{751C44CE-E399-405A-A776-C72C022A8E10}.Debug|Any CPU.Build.0 = Debug|Any CPU
		{751C44CE-E399-405A-A776-C72C022A8E10}.Release|Any CPU.ActiveCfg = Release|Any CPU
		{751C44CE-E399-405A-A776-C72C022A8E10}.Release|Any CPU.Build.0 = Release|Any CPU
	EndGlobalSection
	GlobalSection(SolutionProperties) = preSolution
		HideSolutionNode = FALSE
	EndGlobalSection
	GlobalSection(NestedProjects) = preSolution
		{FFB6781E-E509-47E0-A28D-521BE5FC77DA} = {D69BAE2E-FDC6-46B7-B94B-08F7725A020E}
		{3D906E40-0BFC-4CE6-92FC-FF0F2A18BCC1} = {2AD3EE9A-9303-4B44-A59B-B18D555C61C2}
		{DFE4EBAC-1AE1-4CE6-8373-A760D467F956} = {DD5BB7A7-95E4-4B3C-B07C-377E536C8AE2}
		{A9E68E70-14A7-44D4-80C0-40F585E46DFF} = {DFE4EBAC-1AE1-4CE6-8373-A760D467F956}
		{2E2F65FF-EDF7-4DC1-9156-19C67AB18366} = {DFE4EBAC-1AE1-4CE6-8373-A760D467F956}
		{35AA663D-24B9-416A-B858-F28A75D7EFE0} = {DFE4EBAC-1AE1-4CE6-8373-A760D467F956}
		{E110A6EC-D717-48A6-A372-4419E33FB04F} = {5C7540F3-97A3-42AF-A5A8-7818CB79B033}
		{3A959D27-F16E-4F6B-B8D1-171A5A2598A0} = {5C7540F3-97A3-42AF-A5A8-7818CB79B033}
		{3B5CE274-48EF-4D14-892E-5BFAE279A25B} = {5C7540F3-97A3-42AF-A5A8-7818CB79B033}
		{E035D806-B28F-40F2-B7EC-57CC6B3DE125} = {2AD3EE9A-9303-4B44-A59B-B18D555C61C2}
		{E1E4CAB2-328D-45BE-9080-34C2EE3FE00A} = {8D52DDF4-DAFC-437A-B979-7ED8EDAD0768}
		{42FE8EBE-BA53-497A-A763-AEB0AB5BBEC7} = {8D52DDF4-DAFC-437A-B979-7ED8EDAD0768}
		{25C8CF17-3C0E-46D0-85D3-A4D9AEE921B6} = {DD5BB7A7-95E4-4B3C-B07C-377E536C8AE2}
		{03E3934D-73E4-41EE-A498-76BA9A2BD412} = {25C8CF17-3C0E-46D0-85D3-A4D9AEE921B6}
		{62060140-C08D-4570-A9AF-95F42FF395E4} = {25C8CF17-3C0E-46D0-85D3-A4D9AEE921B6}
		{751C44CE-E399-405A-A776-C72C022A8E10} = {8A41CBB3-642D-404A-86A5-498267A42FF1}
	EndGlobalSection
	GlobalSection(ExtensibilityGlobals) = postSolution
		SolutionGuid = {E73151AE-5773-41D0-B87D-F4BE392FFC1D}
	EndGlobalSection
EndGlobal
